
Microsoft Visual Studio Solution File, Format Version 10.00
# Visual Studio 2008
Project("{8BC9CEB8-8B4A-11D0-8D11-00A0C91BC942}") = "DXWrapper", "DXWrapper.vcproj", "{1B124BB4-9DB4-4AEE-B6D8-7DD1CAAA4D33}"
	ProjectSection(ProjectDependencies) = postProject
		{DD990464-4056-4715-92C5-EC6BE75A4E50} = {DD990464-4056-4715-92C5-EC6BE75A4E50}
		{3C4F31D3-EE7A-4ED8-8721-C0AA1610D032} = {3C4F31D3-EE7A-4ED8-8721-C0AA1610D032}
	EndProjectSection
EndProject
Project("{8BC9CEB8-8B4A-11D0-8D11-00A0C91BC942}") = "WinWrapper", "..\WinWrapper\WinWrapper.vcproj", "{DD990464-4056-4715-92C5-EC6BE75A4E50}"
	ProjectSection(ProjectDependencies) = postProject
		{3C4F31D3-EE7A-4ED8-8721-C0AA1610D032} = {3C4F31D3-EE7A-4ED8-8721-C0AA1610D032}
	EndProjectSection
EndProject
Project("{8BC9CEB8-8B4A-11D0-8D11-00A0C91BC942}") = "Utilities", "..\Utilities\Utilities.vcproj", "{3C4F31D3-EE7A-4ED8-8721-C0AA1610D032}"
EndProject
Global
	GlobalSection(SolutionConfigurationPlatforms) = preSolution
		Debug - Unicode|Win32 = Debug - Unicode|Win32
		Debug|Win32 = Debug|Win32
		Release - Unicode|Win32 = Release - Unicode|Win32
		Release|Win32 = Release|Win32
	EndGlobalSection
	GlobalSection(ProjectConfigurationPlatforms) = postSolution
		{1B124BB4-9DB4-4AEE-B6D8-7DD1CAAA4D33}.Debug - Unicode|Win32.ActiveCfg = Debug|Win32
		{1B124BB4-9DB4-4AEE-B6D8-7DD1CAAA4D33}.Debug - Unicode|Win32.Build.0 = Debug|Win32
		{1B124BB4-9DB4-4AEE-B6D8-7DD1CAAA4D33}.Debug|Win32.ActiveCfg = Debug|Win32
		{1B124BB4-9DB4-4AEE-B6D8-7DD1CAAA4D33}.Debug|Win32.Build.0 = Debug|Win32
		{1B124BB4-9DB4-4AEE-B6D8-7DD1CAAA4D33}.Release - Unicode|Win32.ActiveCfg = Release|Win32
		{1B124BB4-9DB4-4AEE-B6D8-7DD1CAAA4D33}.Release - Unicode|Win32.Build.0 = Release|Win32
		{1B124BB4-9DB4-4AEE-B6D8-7DD1CAAA4D33}.Release|Win32.ActiveCfg = Release|Win32
		{1B124BB4-9DB4-4AEE-B6D8-7DD1CAAA4D33}.Release|Win32.Build.0 = Release|Win32
		{DD990464-4056-4715-92C5-EC6BE75A4E50}.Debug - Unicode|Win32.ActiveCfg = Debug - Unicode|Win32
		{DD990464-4056-4715-92C5-EC6BE75A4E50}.Debug - Unicode|Win32.Build.0 = Debug - Unicode|Win32
		{DD990464-4056-4715-92C5-EC6BE75A4E50}.Debug|Win32.ActiveCfg = Debug|Win32
		{DD990464-4056-4715-92C5-EC6BE75A4E50}.Debug|Win32.Build.0 = Debug|Win32
		{DD990464-4056-4715-92C5-EC6BE75A4E50}.Release - Unicode|Win32.ActiveCfg = Release - Unicode|Win32
		{DD990464-4056-4715-92C5-EC6BE75A4E50}.Release - Unicode|Win32.Build.0 = Release - Unicode|Win32
		{DD990464-4056-4715-92C5-EC6BE75A4E50}.Release|Win32.ActiveCfg = Release|Win32
		{DD990464-4056-4715-92C5-EC6BE75A4E50}.Release|Win32.Build.0 = Release|Win32
		{3C4F31D3-EE7A-4ED8-8721-C0AA1610D032}.Debug - Unicode|Win32.ActiveCfg = Debug - Unicode|Win32
		{3C4F31D3-EE7A-4ED8-8721-C0AA1610D032}.Debug - Unicode|Win32.Build.0 = Debug - Unicode|Win32
		{3C4F31D3-EE7A-4ED8-8721-C0AA1610D032}.Debug|Win32.ActiveCfg = Debug|Win32
		{3C4F31D3-EE7A-4ED8-8721-C0AA1610D032}.Debug|Win32.Build.0 = Debug|Win32
		{3C4F31D3-EE7A-4ED8-8721-C0AA1610D032}.Release - Unicode|Win32.ActiveCfg = Release - Unicode|Win32
		{3C4F31D3-EE7A-4ED8-8721-C0AA1610D032}.Release - Unicode|Win32.Build.0 = Release - Unicode|Win32
		{3C4F31D3-EE7A-4ED8-8721-C0AA1610D032}.Release|Win32.ActiveCfg = Release|Win32
		{3C4F31D3-EE7A-4ED8-8721-C0AA1610D032}.Release|Win32.Build.0 = Release|Win32
	EndGlobalSection
	GlobalSection(SolutionProperties) = preSolution
		HideSolutionNode = FALSE
	EndGlobalSection
EndGlobal
